
Microsoft Visual Studio Solution File, Format Version 11.00
# Visual C# Express 2010
Project("{FAE04EC0-301F-11D3-BF4B-00C04F79EFBC}") = "20NumberIsPalindrome", "20NumberIsPalindrome\20NumberIsPalindrome.csproj", "{BBB5A50E-1375-4464-8759-41314FE900EE}"
EndProject
Global
	GlobalSection(SolutionConfigurationPlatforms) = preSolution
		Debug|x86 = Debug|x86
		Release|x86 = Release|x86
	EndGlobalSection
	GlobalSection(ProjectConfigurationPlatforms) = postSolution
		{BBB5A50E-1375-4464-8759-41314FE900EE}.Debug|x86.ActiveCfg = Debug|x86
		{BBB5A50E-1375-4464-8759-41314FE900EE}.Debug|x86.Build.0 = Debug|x86
		{BBB5A50E-1375-4464-8759-41314FE900EE}.Release|x86.ActiveCfg = Release|x86
		{BBB5A50E-1375-4464-8759-41314FE900EE}.Release|x86.Build.0 = Release|x86
	EndGlobalSection
	GlobalSection(SolutionProperties) = preSolution
		HideSolutionNode = FALSE
	EndGlobalSection
EndGlobal
